
Microsoft Visual Studio Solution File, Format Version 12.00
# Visual Studio Version 17
VisualStudioVersion = 17.10.35122.118
MinimumVisualStudioVersion = 10.0.40219.1
Project("{9A19103F-16F7-4668-BE54-9A1E7A4F7556}") = "Library", "Library\Library.csproj", "{E818E570-46D5-4A27-892E-4C24C27547F3}"
EndProject
Project("{FAE04EC0-301F-11D3-BF4B-00C04F79EFBC}") = "LibraryTests", "LibraryTests\LibraryTests.csproj", "{02DC339E-F136-409A-BB91-5E862E21C8FE}"
EndProject
Global
	GlobalSection(SolutionConfigurationPlatforms) = preSolution
		Debug|Any CPU = Debug|Any CPU
		Release|Any CPU = Release|Any CPU
	EndGlobalSection
	GlobalSection(ProjectConfigurationPlatforms) = postSolution
		{E818E570-46D5-4A27-892E-4C24C27547F3}.Debug|Any CPU.ActiveCfg = Debug|Any CPU
		{E818E570-46D5-4A27-892E-4C24C27547F3}.Debug|Any CPU.Build.0 = Debug|Any CPU
		{E818E570-46D5-4A27-892E-4C24C27547F3}.Release|Any CPU.ActiveCfg = Release|Any CPU
		{E818E570-46D5-4A27-892E-4C24C27547F3}.Release|Any CPU.Build.0 = Release|Any CPU
		{02DC339E-F136-409A-BB91-5E862E21C8FE}.Debug|Any CPU.ActiveCfg = Debug|Any CPU
		{02DC339E-F136-409A-BB91-5E862E21C8FE}.Debug|Any CPU.Build.0 = Debug|Any CPU
		{02DC339E-F136-409A-BB91-5E862E21C8FE}.Release|Any CPU.ActiveCfg = Release|Any CPU
		{02DC339E-F136-409A-BB91-5E862E21C8FE}.Release|Any CPU.Build.0 = Release|Any CPU
	EndGlobalSection
	GlobalSection(SolutionProperties) = preSolution
		HideSolutionNode = FALSE
	EndGlobalSection
	GlobalSection(ExtensibilityGlobals) = postSolution
		SolutionGuid = {D090671B-A4D4-4BB7-A205-F603B21066F8}
	EndGlobalSection
EndGlobal
